// !$*UTF8*$!
{
	archiveVersion = 1;
	classes = {
	};
	objectVersion = 46;
	objects = {

/* Begin PBXBuildFile section */
		D0BB8801188C385200A2ADCA /* Foundation.framework in Frameworks */ = {isa = PBXBuildFile; fileRef = D0BB8800188C385200A2ADCA /* Foundation.framework */; };
		D0BB8803188C385200A2ADCA /* CoreGraphics.framework in Frameworks */ = {isa = PBXBuildFile; fileRef = D0BB8802188C385200A2ADCA /* CoreGraphics.framework */; };
		D0BB8805188C385200A2ADCA /* UIKit.framework in Frameworks */ = {isa = PBXBuildFile; fileRef = D0BB8804188C385200A2ADCA /* UIKit.framework */; };
		D0BB880B188C385200A2ADCA /* InfoPlist.strings in Resources */ = {isa = PBXBuildFile; fileRef = D0BB8809188C385200A2ADCA /* InfoPlist.strings */; };
		D0BB880D188C385200A2ADCA /* main.m in Sources */ = {isa = PBXBuildFile; fileRef = D0BB880C188C385200A2ADCA /* main.m */; };
		D0BB8811188C385200A2ADCA /* AppDelegate.m in Sources */ = {isa = PBXBuildFile; fileRef = D0BB8810188C385200A2ADCA /* AppDelegate.m */; };
		D0BB8814188C385200A2ADCA /* Main.storyboard in Resources */ = {isa = PBXBuildFile; fileRef = D0BB8812188C385200A2ADCA /* Main.storyboard */; };
		D0BB8817188C385200A2ADCA /* ViewController.m in Sources */ = {isa = PBXBuildFile; fileRef = D0BB8816188C385200A2ADCA /* ViewController.m */; };
		D0BB8819188C385200A2ADCA /* Images.xcassets in Resources */ = {isa = PBXBuildFile; fileRef = D0BB8818188C385200A2ADCA /* Images.xcassets */; };
		D0BB8820188C385200A2ADCA /* XCTest.framework in Frameworks */ = {isa = PBXBuildFile; fileRef = D0BB881F188C385200A2ADCA /* XCTest.framework */; };
		D0BB8821188C385200A2ADCA /* Foundation.framework in Frameworks */ = {isa = PBXBuildFile; fileRef = D0BB8800188C385200A2ADCA /* Foundation.framework */; };
		D0BB8822188C385200A2ADCA /* UIKit.framework in Frameworks */ = {isa = PBXBuildFile; fileRef = D0BB8804188C385200A2ADCA /* UIKit.framework */; };
		D0BB882A188C385200A2ADCA /* InfoPlist.strings in Resources */ = {isa = PBXBuildFile; fileRef = D0BB8828188C385200A2ADCA /* InfoPlist.strings */; };
		D0BB882C188C385200A2ADCA /* UI_ControlsTests.m in Sources */ = {isa = PBXBuildFile; fileRef = D0BB882B188C385200A2ADCA /* UI_ControlsTests.m */; };
		D0BB8837188C51F900A2ADCA /* peter.png in Resources */ = {isa = PBXBuildFile; fileRef = D0BB8836188C51F900A2ADCA /* peter.png */; };
/* End PBXBuildFile section */

/* Begin PBXContainerItemProxy section */
		D0BB8823188C385200A2ADCA /* PBXContainerItemProxy */ = {
			isa = PBXContainerItemProxy;
			containerPortal = D0BB87F5188C385200A2ADCA /* Project object */;
			proxyType = 1;
			remoteGlobalIDString = D0BB87FC188C385200A2ADCA;
			remoteInfo = "UI Controls";
		};
/* End PBXContainerItemProxy section */

/* Begin PBXFileReference section */
		D0BB87FD188C385200A2ADCA /* UI Controls.app */ = {isa = PBXFileReference; explicitFileType = wrapper.application; includeInIndex = 0; path = "UI Controls.app"; sourceTree = BUILT_PRODUCTS_DIR; };
		D0BB8800188C385200A2ADCA /* Foundation.framework */ = {isa = PBXFileReference; lastKnownFileType = wrapper.framework; name = Foundation.framework; path = System/Library/Frameworks/Foundation.framework; sourceTree = SDKROOT; };
		D0BB8802188C385200A2ADCA /* CoreGraphics.framework */ = {isa = PBXFileReference; lastKnownFileType = wrapper.framework; name = CoreGraphics.framework; path = System/Library/Frameworks/CoreGraphics.framework; sourceTree = SDKROOT; };
		D0BB8804188C385200A2ADCA /* UIKit.framework */ = {isa = PBXFileReference; lastKnownFileType = wrapper.framework; name = UIKit.framework; path = System/Library/Frameworks/UIKit.framework; sourceTree = SDKROOT; };
		D0BB8808188C385200A2ADCA /* UI Controls-Info.plist */ = {isa = PBXFileReference; lastKnownFileType = text.plist.xml; path = "UI Controls-Info.plist"; sourceTree = "<group>"; };
		D0BB880A188C385200A2ADCA /* en */ = {isa = PBXFileReference; lastKnownFileType = text.plist.strings; name = en; path = en.lproj/InfoPlist.strings; sourceTree = "<group>"; };
		D0BB880C188C385200A2ADCA /* main.m */ = {isa = PBXFileReference; lastKnownFileType = sourcecode.c.objc; path = main.m; sourceTree = "<group>"; };
		D0BB880E188C385200A2ADCA /* UI Controls-Prefix.pch */ = {isa = PBXFileReference; lastKnownFileType = sourcecode.c.h; path = "UI Controls-Prefix.pch"; sourceTree = "<group>"; };
		D0BB880F188C385200A2ADCA /* AppDelegate.h */ = {isa = PBXFileReference; lastKnownFileType = sourcecode.c.h; path = AppDelegate.h; sourceTree = "<group>"; };
		D0BB8810188C385200A2ADCA /* AppDelegate.m */ = {isa = PBXFileReference; lastKnownFileType = sourcecode.c.objc; path = AppDelegate.m; sourceTree = "<group>"; };
		D0BB8813188C385200A2ADCA /* Base */ = {isa = PBXFileReference; lastKnownFileType = file.storyboard; name = Base; path = Base.lproj/Main.storyboard; sourceTree = "<group>"; };
		D0BB8815188C385200A2ADCA /* ViewController.h */ = {isa = PBXFileReference; lastKnownFileType = sourcecode.c.h; path = ViewController.h; sourceTree = "<group>"; };
		D0BB8816188C385200A2ADCA /* ViewController.m */ = {isa = PBXFileReference; lastKnownFileType = sourcecode.c.objc; path = ViewController.m; sourceTree = "<group>"; };
		D0BB8818188C385200A2ADCA /* Images.xcassets */ = {isa = PBXFileReference; lastKnownFileType = folder.assetcatalog; path = Images.xcassets; sourceTree = "<group>"; };
		D0BB881E188C385200A2ADCA /* UI ControlsTests.xctest */ = {isa = PBXFileReference; explicitFileType = wrapper.cfbundle; includeInIndex = 0; path = "UI ControlsTests.xctest"; sourceTree = BUILT_PRODUCTS_DIR; };
		D0BB881F188C385200A2ADCA /* XCTest.framework */ = {isa = PBXFileReference; lastKnownFileType = wrapper.framework; name = XCTest.framework; path = Library/Frameworks/XCTest.framework; sourceTree = DEVELOPER_DIR; };
		D0BB8827188C385200A2ADCA /* UI ControlsTests-Info.plist */ = {isa = PBXFileReference; lastKnownFileType = text.plist.xml; path = "UI ControlsTests-Info.plist"; sourceTree = "<group>"; };
		D0BB8829188C385200A2ADCA /* en */ = {isa = PBXFileReference; lastKnownFileType = text.plist.strings; name = en; path = en.lproj/InfoPlist.strings; sourceTree = "<group>"; };
		D0BB882B188C385200A2ADCA /* UI_ControlsTests.m */ = {isa = PBXFileReference; lastKnownFileType = sourcecode.c.objc; path = UI_ControlsTests.m; sourceTree = "<group>"; };
		D0BB8836188C51F900A2ADCA /* peter.png */ = {isa = PBXFileReference; lastKnownFileType = image.png; path = peter.png; sourceTree = "<group>"; };
/* End PBXFileReference section */

/* Begin PBXFrameworksBuildPhase section */
		D0BB87FA188C385200A2ADCA /* Frameworks */ = {
			isa = PBXFrameworksBuildPhase;
			buildActionMask = 2147483647;
			files = (
				D0BB8803188C385200A2ADCA /* CoreGraphics.framework in Frameworks */,
				D0BB8805188C385200A2ADCA /* UIKit.framework in Frameworks */,
				D0BB8801188C385200A2ADCA /* Foundation.framework in Frameworks */,
			);
			runOnlyForDeploymentPostprocessing = 0;
		};
		D0BB881B188C385200A2ADCA /* Frameworks */ = {
			isa = PBXFrameworksBuildPhase;
			buildActionMask = 2147483647;
			files = (
				D0BB8820188C385200A2ADCA /* XCTest.framework in Frameworks */,
				D0BB8822188C385200A2ADCA /* UIKit.framework in Frameworks */,
				D0BB8821188C385200A2ADCA /* Foundation.framework in Frameworks */,
			);
			runOnlyForDeploymentPostprocessing = 0;
		};
/* End PBXFrameworksBuildPhase section */

/* Begin PBXGroup section */
		D0BB87F4188C385200A2ADCA = {
			isa = PBXGroup;
			children = (
				D0BB8806188C385200A2ADCA /* UI Controls */,
				D0BB8825188C385200A2ADCA /* UI ControlsTests */,
				D0BB87FF188C385200A2ADCA /* Frameworks */,
				D0BB87FE188C385200A2ADCA /* Products */,
			);
			sourceTree = "<group>";
		};
		D0BB87FE188C385200A2ADCA /* Products */ = {
			isa = PBXGroup;
			children = (
				D0BB87FD188C385200A2ADCA /* UI Controls.app */,
				D0BB881E188C385200A2ADCA /* UI ControlsTests.xctest */,
			);
			name = Products;
			sourceTree = "<group>";
		};
		D0BB87FF188C385200A2ADCA /* Frameworks */ = {
			isa = PBXGroup;
			children = (
				D0BB8800188C385200A2ADCA /* Foundation.framework */,
				D0BB8802188C385200A2ADCA /* CoreGraphics.framework */,
				D0BB8804188C385200A2ADCA /* UIKit.framework */,
				D0BB881F188C385200A2ADCA /* XCTest.framework */,
			);
			name = Frameworks;
			sourceTree = "<group>";
		};
		D0BB8806188C385200A2ADCA /* UI Controls */ = {
			isa = PBXGroup;
			children = (
				D0BB880F188C385200A2ADCA /* AppDelegate.h */,
				D0BB8810188C385200A2ADCA /* AppDelegate.m */,
				D0BB8812188C385200A2ADCA /* Main.storyboard */,
				D0BB8815188C385200A2ADCA /* ViewController.h */,
				D0BB8816188C385200A2ADCA /* ViewController.m */,
				D0BB8818188C385200A2ADCA /* Images.xcassets */,
				D0BB8807188C385200A2ADCA /* Supporting Files */,
			);
			path = "UI Controls";
			sourceTree = "<group>";
		};
		D0BB8807188C385200A2ADCA /* Supporting Files */ = {
			isa = PBXGroup;
			children = (
				D0BB8835188C51D700A2ADCA /* Images */,
				D0BB8808188C385200A2ADCA /* UI Controls-Info.plist */,
				D0BB8809188C385200A2ADCA /* InfoPlist.strings */,
				D0BB880C188C385200A2ADCA /* main.m */,
				D0BB880E188C385200A2ADCA /* UI Controls-Prefix.pch */,
			);
			name = "Supporting Files";
			sourceTree = "<group>";
		};
		D0BB8825188C385200A2ADCA /* UI ControlsTests */ = {
			isa = PBXGroup;
			children = (
				D0BB882B188C385200A2ADCA /* UI_ControlsTests.m */,
				D0BB8826188C385200A2ADCA /* Supporting Files */,
			);
			path = "UI ControlsTests";
			sourceTree = "<group>";
		};
		D0BB8826188C385200A2ADCA /* Supporting Files */ = {
			isa = PBXGroup;
			children = (
				D0BB8827188C385200A2ADCA /* UI ControlsTests-Info.plist */,
				D0BB8828188C385200A2ADCA /* InfoPlist.strings */,
			);
			name = "Supporting Files";
			sourceTree = "<group>";
		};
		D0BB8835188C51D700A2ADCA /* Images */ = {
			isa = PBXGroup;
			children = (
				D0BB8836188C51F900A2ADCA /* peter.png */,
			);
			name = Images;
			sourceTree = "<group>";
		};
/* End PBXGroup section */

/* Begin PBXNativeTarget section */
		D0BB87FC188C385200A2ADCA /* UI Controls */ = {
			isa = PBXNativeTarget;
			buildConfigurationList = D0BB882F188C385200A2ADCA /* Build configuration list for PBXNativeTarget "UI Controls" */;
			buildPhases = (
				D0BB87F9188C385200A2ADCA /* Sources */,
				D0BB87FA188C385200A2ADCA /* Frameworks */,
				D0BB87FB188C385200A2ADCA /* Resources */,
			);
			buildRules = (
			);
			dependencies = (
			);
			name = "UI Controls";
			productName = "UI Controls";
			productReference = D0BB87FD188C385200A2ADCA /* UI Controls.app */;
			productType = "com.apple.product-type.application";
		};
		D0BB881D188C385200A2ADCA /* UI ControlsTests */ = {
			isa = PBXNativeTarget;
			buildConfigurationList = D0BB8832188C385200A2ADCA /* Build configuration list for PBXNativeTarget "UI ControlsTests" */;
			buildPhases = (
				D0BB881A188C385200A2ADCA /* Sources */,
				D0BB881B188C385200A2ADCA /* Frameworks */,
				D0BB881C188C385200A2ADCA /* Resources */,
			);
			buildRules = (
			);
			dependencies = (
				D0BB8824188C385200A2ADCA /* PBXTargetDependency */,
			);
			name = "UI ControlsTests";
			productName = "UI ControlsTests";
			productReference = D0BB881E188C385200A2ADCA /* UI ControlsTests.xctest */;
			productType = "com.apple.product-type.bundle.unit-test";
		};
/* End PBXNativeTarget section */

/* Begin PBXProject section */
		D0BB87F5188C385200A2ADCA /* Project object */ = {
			isa = PBXProject;
			attributes = {
				LastUpgradeCheck = 0500;
				ORGANIZATIONNAME = "School of ICT, Seneca College";
				TargetAttributes = {
					D0BB881D188C385200A2ADCA = {
						TestTargetID = D0BB87FC188C385200A2ADCA;
					};
				};
			};
			buildConfigurationList = D0BB87F8188C385200A2ADCA /* Build configuration list for PBXProject "UI Controls" */;
			compatibilityVersion = "Xcode 3.2";
			developmentRegion = English;
			hasScannedForEncodings = 0;
			knownRegions = (
				en,
				Base,
			);
			mainGroup = D0BB87F4188C385200A2ADCA;
			productRefGroup = D0BB87FE188C385200A2ADCA /* Products */;
			projectDirPath = "";
			projectRoot = "";
			targets = (
				D0BB87FC188C385200A2ADCA /* UI Controls */,
				D0BB881D188C385200A2ADCA /* UI ControlsTests */,
			);
		};
/* End PBXProject section */

/* Begin PBXResourcesBuildPhase section */
		D0BB87FB188C385200A2ADCA /* Resources */ = {
			isa = PBXResourcesBuildPhase;
			buildActionMask = 2147483647;
			files = (
				D0BB8819188C385200A2ADCA /* Images.xcassets in Resources */,
				D0BB8837188C51F900A2ADCA /* peter.png in Resources */,
				D0BB880B188C385200A2ADCA /* InfoPlist.strings in Resources */,
				D0BB8814188C385200A2ADCA /* Main.storyboard in Resources */,
			);
			runOnlyForDeploymentPostprocessing = 0;
		};
		D0BB881C188C385200A2ADCA /* Resources */ = {
			isa = PBXResourcesBuildPhase;
			buildActionMask = 2147483647;
			files = (
				D0BB882A188C385200A2ADCA /* InfoPlist.strings in Resources */,
			);
			runOnlyForDeploymentPostprocessing = 0;
		};
/* End PBXResourcesBuildPhase section */

/* Begin PBXSourcesBuildPhase section */
		D0BB87F9188C385200A2ADCA /* Sources */ = {
			isa = PBXSourcesBuildPhase;
			buildActionMask = 2147483647;
			files = (
				D0BB8817188C385200A2ADCA /* ViewController.m in Sources */,
				D0BB8811188C385200A2ADCA /* AppDelegate.m in Sources */,
				D0BB880D188C385200A2ADCA /* main.m in Sources */,
			);
			runOnlyForDeploymentPostprocessing = 0;
		};
		D0BB881A188C385200A2ADCA /* Sources */ = {
			isa = PBXSourcesBuildPhase;
			buildActionMask = 2147483647;
			files = (
				D0BB882C188C385200A2ADCA /* UI_ControlsTests.m in Sources */,
			);
			runOnlyForDeploymentPostprocessing = 0;
		};
/* End PBXSourcesBuildPhase section */

/* Begin PBXTargetDependency section */
		D0BB8824188C385200A2ADCA /* PBXTargetDependency */ = {
			isa = PBXTargetDependency;
			target = D0BB87FC188C385200A2ADCA /* UI Controls */;
			targetProxy = D0BB8823188C385200A2ADCA /* PBXContainerItemProxy */;
		};
/* End PBXTargetDependency section */

/* Begin PBXVariantGroup section */
		D0BB8809188C385200A2ADCA /* InfoPlist.strings */ = {
			isa = PBXVariantGroup;
			children = (
				D0BB880A188C385200A2ADCA /* en */,
			);
			name = InfoPlist.strings;
			sourceTree = "<group>";
		};
		D0BB8812188C385200A2ADCA /* Main.storyboard */ = {
			isa = PBXVariantGroup;
			children = (
				D0BB8813188C385200A2ADCA /* Base */,
			);
			name = Main.storyboard;
			sourceTree = "<group>";
		};
		D0BB8828188C385200A2ADCA /* InfoPlist.strings */ = {
			isa = PBXVariantGroup;
			children = (
				D0BB8829188C385200A2ADCA /* en */,
			);
			name = InfoPlist.strings;
			sourceTree = "<group>";
		};
/* End PBXVariantGroup section */

/* Begin XCBuildConfiguration section */
		D0BB882D188C385200A2ADCA /* Debug */ = {
			isa = XCBuildConfiguration;
			buildSettings = {
				ALWAYS_SEARCH_USER_PATHS = NO;
				ARCHS = "$(ARCHS_STANDARD_INCLUDING_64_BIT)";
				CLANG_CXX_LANGUAGE_STANDARD = "gnu++0x";
				CLANG_CXX_LIBRARY = "libc++";
				CLANG_ENABLE_MODULES = YES;
				CLANG_ENABLE_OBJC_ARC = YES;
				CLANG_WARN_BOOL_CONVERSION = YES;
				CLANG_WARN_CONSTANT_CONVERSION = YES;
				CLANG_WARN_DIRECT_OBJC_ISA_USAGE = YES_ERROR;
				CLANG_WARN_EMPTY_BODY = YES;
				CLANG_WARN_ENUM_CONVERSION = YES;
				CLANG_WARN_INT_CONVERSION = YES;
				CLANG_WARN_OBJC_ROOT_CLASS = YES_ERROR;
				CLANG_WARN__DUPLICATE_METHOD_MATCH = YES;
				"CODE_SIGN_IDENTITY[sdk=iphoneos*]" = "iPhone Developer";
				COPY_PHASE_STRIP = NO;
				GCC_C_LANGUAGE_STANDARD = gnu99;
				GCC_DYNAMIC_NO_PIC = NO;
				GCC_OPTIMIZATION_LEVEL = 0;
				GCC_PREPROCESSOR_DEFINITIONS = (
					"DEBUG=1",
					"$(inherited)",
				);
				GCC_SYMBOLS_PRIVATE_EXTERN = NO;
				GCC_WARN_64_TO_32_BIT_CONVERSION = YES;
				GCC_WARN_ABOUT_RETURN_TYPE = YES_ERROR;
				GCC_WARN_UNDECLARED_SELECTOR = YES;
				GCC_WARN_UNINITIALIZED_AUTOS = YES;
				GCC_WARN_UNUSED_FUNCTION = YES;
				GCC_WARN_UNUSED_VARIABLE = YES;
				IPHONEOS_DEPLOYMENT_TARGET = 7.0;
				ONLY_ACTIVE_ARCH = YES;
				SDKROOT = iphoneos;
			};
			name = Debug;
		};
		D0BB882E188C385200A2ADCA /* Release */ = {
			isa = XCBuildConfiguration;
			buildSettings = {
				ALWAYS_SEARCH_USER_PATHS = NO;
				ARCHS = "$(ARCHS_STANDARD_INCLUDING_64_BIT)";
				CLANG_CXX_LANGUAGE_STANDARD = "gnu++0x";
				CLANG_CXX_LIBRARY = "libc++";
				CLANG_ENABLE_MODULES = YES;
				CLANG_ENABLE_OBJC_ARC = YES;
				CLANG_WARN_BOOL_CONVERSION = YES;
				CLANG_WARN_CONSTANT_CONVERSION = YES;
				CLANG_WARN_DIRECT_OBJC_ISA_USAGE = YES_ERROR;
				CLANG_WARN_EMPTY_BODY = YES;
				CLANG_WARN_ENUM_CONVERSION = YES;
				CLANG_WARN_INT_CONVERSION = YES;
				CLANG_WARN_OBJC_ROOT_CLASS = YES_ERROR;
				CLANG_WARN__DUPLICATE_METHOD_MATCH = YES;
				"CODE_SIGN_IDENTITY[sdk=iphoneos*]" = "iPhone Developer";
				COPY_PHASE_STRIP = YES;
				ENABLE_NS_ASSERTIONS = NO;
				GCC_C_LANGUAGE_STANDARD = gnu99;
				GCC_WARN_64_TO_32_BIT_CONVERSION = YES;
				GCC_WARN_ABOUT_RETURN_TYPE = YES_ERROR;
				GCC_WARN_UNDECLARED_SELECTOR = YES;
				GCC_WARN_UNINITIALIZED_AUTOS = YES;
				GCC_WARN_UNUSED_FUNCTION = YES;
				GCC_WARN_UNUSED_VARIABLE = YES;
				IPHONEOS_DEPLOYMENT_TARGET = 7.0;
				SDKROOT = iphoneos;
				VALIDATE_PRODUCT = YES;
			};
			name = Release;
		};
		D0BB8830188C385200A2ADCA /* Debug */ = {
			isa = XCBuildConfiguration;
			buildSettings = {
				ASSETCATALOG_COMPILER_APPICON_NAME = AppIcon;
				ASSETCATALOG_COMPILER_LAUNCHIMAGE_NAME = LaunchImage;
				GCC_PRECOMPILE_PREFIX_HEADER = YES;
				GCC_PREFIX_HEADER = "UI Controls/UI Controls-Prefix.pch";
				INFOPLIST_FILE = "UI Controls/UI Controls-Info.plist";
				PRODUCT_NAME = "$(TARGET_NAME)";
				WRAPPER_EXTENSION = app;
			};
			name = Debug;
		};
		D0BB8831188C385200A2ADCA /* Release */ = {
			isa = XCBuildConfiguration;
			buildSettings = {
				ASSETCATALOG_COMPILER_APPICON_NAME = AppIcon;
				ASSETCATALOG_COMPILER_LAUNCHIMAGE_NAME = LaunchImage;
				GCC_PRECOMPILE_PREFIX_HEADER = YES;
				GCC_PREFIX_HEADER = "UI Controls/UI Controls-Prefix.pch";
				INFOPLIST_FILE = "UI Controls/UI Controls-Info.plist";
				PRODUCT_NAME = "$(TARGET_NAME)";
				WRAPPER_EXTENSION = app;
			};
			name = Release;
		};
		D0BB8833188C385200A2ADCA /* Debug */ = {
			isa = XCBuildConfiguration;
			buildSettings = {
				ARCHS = "$(ARCHS_STANDARD_INCLUDING_64_BIT)";
				BUNDLE_LOADER = "$(BUILT_PRODUCTS_DIR)/UI Controls.app/UI Controls";
				FRAMEWORK_SEARCH_PATHS = (
					"$(SDKROOT)/Developer/Library/Frameworks",
					"$(inherited)",
					"$(DEVELOPER_FRAMEWORKS_DIR)",
				);
				GCC_PRECOMPILE_PREFIX_HEADER = YES;
				GCC_PREFIX_HEADER = "UI Controls/UI Controls-Prefix.pch";
				GCC_PREPROCESSOR_DEFINITIONS = (
					"DEBUG=1",
					"$(inherited)",
				);
				INFOPLIST_FILE = "UI ControlsTests/UI ControlsTests-Info.plist";
				PRODUCT_NAME = "$(TARGET_NAME)";
				TEST_HOST = "$(BUNDLE_LOADER)";
				WRAPPER_EXTENSION = xctest;
			};
			name = Debug;
		};
		D0BB8834188C385200A2ADCA /* Release */ = {
			isa = XCBuildConfiguration;
			buildSettings = {
				ARCHS = "$(ARCHS_STANDARD_INCLUDING_64_BIT)";
				BUNDLE_LOADER = "$(BUILT_PRODUCTS_DIR)/UI Controls.app/UI Controls";
				FRAMEWORK_SEARCH_PATHS = (
					"$(SDKROOT)/Developer/Library/Frameworks",
					"$(inherited)",
					"$(DEVELOPER_FRAMEWORKS_DIR)",
				);
				GCC_PRECOMPILE_PREFIX_HEADER = YES;
				GCC_PREFIX_HEADER = "UI Controls/UI Controls-Prefix.pch";
				INFOPLIST_FILE = "UI ControlsTests/UI ControlsTests-Info.plist";
				PRODUCT_NAME = "$(TARGET_NAME)";
				TEST_HOST = "$(BUNDLE_LOADER)";
				WRAPPER_EXTENSION = xctest;
			};
			name = Release;
		};
/* End XCBuildConfiguration section */

/* Begin XCConfigurationList section */
		D0BB87F8188C385200A2ADCA /* Build configuration list for PBXProject "UI Controls" */ = {
			isa = XCConfigurationList;
			buildConfigurations = (
				D0BB882D188C385200A2ADCA /* Debug */,
				D0BB882E188C385200A2ADCA /* Release */,
			);
			defaultConfigurationIsVisible = 0;
			defaultConfigurationName = Release;
		};
		D0BB882F188C385200A2ADCA /* Build configuration list for PBXNativeTarget "UI Controls" */ = {
			isa = XCConfigurationList;
			buildConfigurations = (
				D0BB8830188C385200A2ADCA /* Debug */,
				D0BB8831188C385200A2ADCA /* Release */,
			);
			defaultConfigurationIsVisible = 0;
		};
		D0BB8832188C385200A2ADCA /* Build configuration list for PBXNativeTarget "UI ControlsTests" */ = {
			isa = XCConfigurationList;
			buildConfigurations = (
				D0BB8833188C385200A2ADCA /* Debug */,
				D0BB8834188C385200A2ADCA /* Release */,
			);
			defaultConfigurationIsVisible = 0;
		};
/* End XCConfigurationList section */
	};
	rootObject = D0BB87F5188C385200A2ADCA /* Project object */;
}
